
Microsoft Visual Studio Solution File, Format Version 12.00
# Visual Studio Version 17
VisualStudioVersion = 17.0.31903.59
MinimumVisualStudioVersion = 10.0.40219.1
Project("{2150E333-8FDC-42A3-9474-1A3956D46DE8}") = "src", "src", "{F33C84D4-01B4-43D1-8E7E-753970E2C92F}"
EndProject
Project("{2150E333-8FDC-42A3-9474-1A3956D46DE8}") = "Modules", "Modules", "{95D73346-D3D2-4F1F-ACA0-B3E77414E70D}"
EndProject
Project("{2150E333-8FDC-42A3-9474-1A3956D46DE8}") = "Api", "Api", "{E00C48FF-A689-4661-8DB2-F291ED998A7B}"
EndProject
Project("{2150E333-8FDC-42A3-9474-1A3956D46DE8}") = "Solution Items", "Solution Items", "{4EB6B76A-A09D-4B22-A765-01F60FA5792F}"
	ProjectSection(SolutionItems) = preProject
		.gitignore = .gitignore
		Directory.Build.props = Directory.Build.props
		.editorconfig = .editorconfig
		docker-compose.yaml = docker-compose.yaml
		Directory.Packages.props = Directory.Packages.props
		global.json = global.json
		README.md = README.md
	EndProjectSection
EndProject
Project("{FAE04EC0-301F-11D3-BF4B-00C04F79EFBC}") = "Evently.Api", "src\Api\Evently.Api\Evently.Api.csproj", "{5A374EBE-238F-45C3-BB39-31CEC2B317A7}"
EndProject
Project("{2150E333-8FDC-42A3-9474-1A3956D46DE8}") = "Events", "Events", "{99B448F2-2814-460D-8D68-0C334E7E25B2}"
EndProject
Project("{FAE04EC0-301F-11D3-BF4B-00C04F79EFBC}") = "Evently.Modules.Events.Domain", "src\Modules\Events\Evently.Modules.Events.Domain\Evently.Modules.Events.Domain.csproj", "{563A5910-9E2E-4555-BF74-C0C916F92D69}"
EndProject
Project("{FAE04EC0-301F-11D3-BF4B-00C04F79EFBC}") = "Evently.Modules.Events.Application", "src\Modules\Events\Evently.Modules.Events.Application\Evently.Modules.Events.Application.csproj", "{511EA987-F085-4BDF-8AE3-0F339BAE5AD8}"
EndProject
Project("{FAE04EC0-301F-11D3-BF4B-00C04F79EFBC}") = "Evently.Modules.Events.Infrastructure", "src\Modules\Events\Evently.Modules.Events.Infrastructure\Evently.Modules.Events.Infrastructure.csproj", "{1E4599FD-F3B3-4596-91CC-00E7C2228E13}"
EndProject
Project("{FAE04EC0-301F-11D3-BF4B-00C04F79EFBC}") = "Evently.Modules.Events.Presentation", "src\Modules\Events\Evently.Modules.Events.Presentation\Evently.Modules.Events.Presentation.csproj", "{CB1A906B-F2A8-450A-9B42-A8EB0AA34780}"
EndProject
Project("{2150E333-8FDC-42A3-9474-1A3956D46DE8}") = "Shared", "Shared", "{27E1CA71-E6C6-4E00-B716-0CD2CA775A28}"
EndProject
Project("{FAE04EC0-301F-11D3-BF4B-00C04F79EFBC}") = "Evently.Shared.Application", "src\Shared\Evently.Shared.Application\Evently.Shared.Application.csproj", "{DE997F57-E98F-4527-9D80-103A362EA605}"
EndProject
Project("{FAE04EC0-301F-11D3-BF4B-00C04F79EFBC}") = "Evently.Shared.Infrastructure", "src\Shared\Evently.Shared.Infrastructure\Evently.Shared.Infrastructure.csproj", "{CE81B670-A8AD-43B4-B345-73D4DCF64B28}"
EndProject
Project("{FAE04EC0-301F-11D3-BF4B-00C04F79EFBC}") = "Evently.Shared.Domain", "src\Shared\Evently.Shared.Domain\Evently.Shared.Domain.csproj", "{A18222BE-F69A-4B32-8D76-93F114E1593D}"
EndProject
Project("{FAE04EC0-301F-11D3-BF4B-00C04F79EFBC}") = "Evently.Shared.Presentation", "src\Shared\Evently.Shared.Presentation\Evently.Shared.Presentation.csproj", "{36438B5B-3CE4-4779-ACD5-E37A66136114}"
EndProject
Global
	GlobalSection(SolutionConfigurationPlatforms) = preSolution
		Debug|Any CPU = Debug|Any CPU
		Release|Any CPU = Release|Any CPU
	EndGlobalSection
	GlobalSection(SolutionProperties) = preSolution
		HideSolutionNode = FALSE
	EndGlobalSection
	GlobalSection(NestedProjects) = preSolution
		{95D73346-D3D2-4F1F-ACA0-B3E77414E70D} = {F33C84D4-01B4-43D1-8E7E-753970E2C92F}
		{E00C48FF-A689-4661-8DB2-F291ED998A7B} = {F33C84D4-01B4-43D1-8E7E-753970E2C92F}
		{5A374EBE-238F-45C3-BB39-31CEC2B317A7} = {E00C48FF-A689-4661-8DB2-F291ED998A7B}
		{99B448F2-2814-460D-8D68-0C334E7E25B2} = {95D73346-D3D2-4F1F-ACA0-B3E77414E70D}
		{563A5910-9E2E-4555-BF74-C0C916F92D69} = {99B448F2-2814-460D-8D68-0C334E7E25B2}
		{511EA987-F085-4BDF-8AE3-0F339BAE5AD8} = {99B448F2-2814-460D-8D68-0C334E7E25B2}
		{1E4599FD-F3B3-4596-91CC-00E7C2228E13} = {99B448F2-2814-460D-8D68-0C334E7E25B2}
		{CB1A906B-F2A8-450A-9B42-A8EB0AA34780} = {99B448F2-2814-460D-8D68-0C334E7E25B2}
		{27E1CA71-E6C6-4E00-B716-0CD2CA775A28} = {F33C84D4-01B4-43D1-8E7E-753970E2C92F}
		{DE997F57-E98F-4527-9D80-103A362EA605} = {27E1CA71-E6C6-4E00-B716-0CD2CA775A28}
		{CE81B670-A8AD-43B4-B345-73D4DCF64B28} = {27E1CA71-E6C6-4E00-B716-0CD2CA775A28}
		{A18222BE-F69A-4B32-8D76-93F114E1593D} = {27E1CA71-E6C6-4E00-B716-0CD2CA775A28}
		{36438B5B-3CE4-4779-ACD5-E37A66136114} = {27E1CA71-E6C6-4E00-B716-0CD2CA775A28}
	EndGlobalSection
	GlobalSection(ProjectConfigurationPlatforms) = postSolution
		{5A374EBE-238F-45C3-BB39-31CEC2B317A7}.Debug|Any CPU.ActiveCfg = Debug|Any CPU
		{5A374EBE-238F-45C3-BB39-31CEC2B317A7}.Debug|Any CPU.Build.0 = Debug|Any CPU
		{5A374EBE-238F-45C3-BB39-31CEC2B317A7}.Debug|Any CPU.Deploy.0 = Debug|Any CPU
		{563A5910-9E2E-4555-BF74-C0C916F92D69}.Debug|Any CPU.ActiveCfg = Debug|Any CPU
		{563A5910-9E2E-4555-BF74-C0C916F92D69}.Debug|Any CPU.Build.0 = Debug|Any CPU
		{563A5910-9E2E-4555-BF74-C0C916F92D69}.Release|Any CPU.ActiveCfg = Release|Any CPU
		{563A5910-9E2E-4555-BF74-C0C916F92D69}.Release|Any CPU.Build.0 = Release|Any CPU
		{511EA987-F085-4BDF-8AE3-0F339BAE5AD8}.Debug|Any CPU.ActiveCfg = Debug|Any CPU
		{511EA987-F085-4BDF-8AE3-0F339BAE5AD8}.Debug|Any CPU.Build.0 = Debug|Any CPU
		{511EA987-F085-4BDF-8AE3-0F339BAE5AD8}.Release|Any CPU.ActiveCfg = Release|Any CPU
		{511EA987-F085-4BDF-8AE3-0F339BAE5AD8}.Release|Any CPU.Build.0 = Release|Any CPU
		{1E4599FD-F3B3-4596-91CC-00E7C2228E13}.Debug|Any CPU.ActiveCfg = Debug|Any CPU
		{1E4599FD-F3B3-4596-91CC-00E7C2228E13}.Debug|Any CPU.Build.0 = Debug|Any CPU
		{1E4599FD-F3B3-4596-91CC-00E7C2228E13}.Release|Any CPU.ActiveCfg = Release|Any CPU
		{1E4599FD-F3B3-4596-91CC-00E7C2228E13}.Release|Any CPU.Build.0 = Release|Any CPU
		{CB1A906B-F2A8-450A-9B42-A8EB0AA34780}.Debug|Any CPU.ActiveCfg = Debug|Any CPU
		{CB1A906B-F2A8-450A-9B42-A8EB0AA34780}.Debug|Any CPU.Build.0 = Debug|Any CPU
		{CB1A906B-F2A8-450A-9B42-A8EB0AA34780}.Release|Any CPU.ActiveCfg = Release|Any CPU
		{CB1A906B-F2A8-450A-9B42-A8EB0AA34780}.Release|Any CPU.Build.0 = Release|Any CPU
		{DE997F57-E98F-4527-9D80-103A362EA605}.Debug|Any CPU.ActiveCfg = Debug|Any CPU
		{DE997F57-E98F-4527-9D80-103A362EA605}.Debug|Any CPU.Build.0 = Debug|Any CPU
		{DE997F57-E98F-4527-9D80-103A362EA605}.Release|Any CPU.ActiveCfg = Release|Any CPU
		{DE997F57-E98F-4527-9D80-103A362EA605}.Release|Any CPU.Build.0 = Release|Any CPU
		{CE81B670-A8AD-43B4-B345-73D4DCF64B28}.Debug|Any CPU.ActiveCfg = Debug|Any CPU
		{CE81B670-A8AD-43B4-B345-73D4DCF64B28}.Debug|Any CPU.Build.0 = Debug|Any CPU
		{CE81B670-A8AD-43B4-B345-73D4DCF64B28}.Release|Any CPU.ActiveCfg = Release|Any CPU
		{CE81B670-A8AD-43B4-B345-73D4DCF64B28}.Release|Any CPU.Build.0 = Release|Any CPU
		{A18222BE-F69A-4B32-8D76-93F114E1593D}.Debug|Any CPU.ActiveCfg = Debug|Any CPU
		{A18222BE-F69A-4B32-8D76-93F114E1593D}.Debug|Any CPU.Build.0 = Debug|Any CPU
		{A18222BE-F69A-4B32-8D76-93F114E1593D}.Release|Any CPU.ActiveCfg = Release|Any CPU
		{A18222BE-F69A-4B32-8D76-93F114E1593D}.Release|Any CPU.Build.0 = Release|Any CPU
		{36438B5B-3CE4-4779-ACD5-E37A66136114}.Debug|Any CPU.ActiveCfg = Debug|Any CPU
		{36438B5B-3CE4-4779-ACD5-E37A66136114}.Debug|Any CPU.Build.0 = Debug|Any CPU
		{36438B5B-3CE4-4779-ACD5-E37A66136114}.Release|Any CPU.ActiveCfg = Release|Any CPU
		{36438B5B-3CE4-4779-ACD5-E37A66136114}.Release|Any CPU.Build.0 = Release|Any CPU
	EndGlobalSection
EndGlobal
